
Microsoft Visual Studio Solution File, Format Version 12.00
# Visual Studio Version 17
VisualStudioVersion = 17.3.32825.248
MinimumVisualStudioVersion = 10.0.40219.1
Project("{FAE04EC0-301F-11D3-BF4B-00C04F79EFBC}") = "Intel8086", "Intel8086\Intel8086.csproj", "{60502CF4-F7C3-4777-8BE8-2170A49C2252}"
EndProject
Global
	GlobalSection(SolutionConfigurationPlatforms) = preSolution
		Debug|Any CPU = Debug|Any CPU
		Release|Any CPU = Release|Any CPU
	EndGlobalSection
	GlobalSection(ProjectConfigurationPlatforms) = postSolution
		{60502CF4-F7C3-4777-8BE8-2170A49C2252}.Debug|Any CPU.ActiveCfg = Debug|Any CPU
		{60502CF4-F7C3-4777-8BE8-2170A49C2252}.Debug|Any CPU.Build.0 = Debug|Any CPU
		{60502CF4-F7C3-4777-8BE8-2170A49C2252}.Release|Any CPU.ActiveCfg = Release|Any CPU
		{60502CF4-F7C3-4777-8BE8-2170A49C2252}.Release|Any CPU.Build.0 = Release|Any CPU
	EndGlobalSection
	GlobalSection(SolutionProperties) = preSolution
		HideSolutionNode = FALSE
	EndGlobalSection
	GlobalSection(ExtensibilityGlobals) = postSolution
		SolutionGuid = {E3D917E1-E427-4287-83EB-C2DD93B246B7}
	EndGlobalSection
EndGlobal
